// !$*UTF8*$!
{
	archiveVersion = 1;
	classes = {
	};
	objectVersion = 46;
	objects = {

/* Begin PBXBuildFile section */
		01A1BCFB1A287AE400C38628 /* AppDelegate.m in Sources */ = {isa = PBXBuildFile; fileRef = 01A1BCFA1A287AE400C38628 /* AppDelegate.m */; };
		01A1BCFD1A287AE400C38628 /* main.m in Sources */ = {isa = PBXBuildFile; fileRef = 01A1BCFC1A287AE400C38628 /* main.m */; };
		01A1BCFF1A287AE400C38628 /* Images.xcassets in Resources */ = {isa = PBXBuildFile; fileRef = 01A1BCFE1A287AE400C38628 /* Images.xcassets */; };
		01A1BD021A287AE400C38628 /* MainMenu.xib in Resources */ = {isa = PBXBuildFile; fileRef = 01A1BD001A287AE400C38628 /* MainMenu.xib */; };
		01A1BD0E1A287AE400C38628 /* WritLargeTests.m in Sources */ = {isa = PBXBuildFile; fileRef = 01A1BD0D1A287AE400C38628 /* WritLargeTests.m */; };
		01A1BD1A1A287D9E00C38628 /* LargeTextWindow.m in Sources */ = {isa = PBXBuildFile; fileRef = 01A1BD191A287D9E00C38628 /* LargeTextWindow.m */; };
		01A1BD231A287EE500C38628 /* LargeTextView.m in Sources */ = {isa = PBXBuildFile; fileRef = 01A1BD221A287EE500C38628 /* LargeTextView.m */; };
/* End PBXBuildFile section */

/* Begin PBXContainerItemProxy section */
		01A1BD081A287AE400C38628 /* PBXContainerItemProxy */ = {
			isa = PBXContainerItemProxy;
			containerPortal = 01A1BCEC1A287AE400C38628 /* Project object */;
			proxyType = 1;
			remoteGlobalIDString = 01A1BCF31A287AE400C38628;
			remoteInfo = WritLarge;
		};
/* End PBXContainerItemProxy section */

/* Begin PBXFileReference section */
		0181EF4B1A2CC7FC0022C85A /* en */ = {isa = PBXFileReference; lastKnownFileType = file.xib; name = en; path = en.lproj/MainMenu.xib; sourceTree = "<group>"; };
		01A1BCF41A287AE400C38628 /* WritLarge.app */ = {isa = PBXFileReference; explicitFileType = wrapper.application; includeInIndex = 0; path = WritLarge.app; sourceTree = BUILT_PRODUCTS_DIR; };
		01A1BCF81A287AE400C38628 /* Info.plist */ = {isa = PBXFileReference; lastKnownFileType = text.plist.xml; path = Info.plist; sourceTree = "<group>"; };
		01A1BCF91A287AE400C38628 /* AppDelegate.h */ = {isa = PBXFileReference; lastKnownFileType = sourcecode.c.h; path = AppDelegate.h; sourceTree = "<group>"; };
		01A1BCFA1A287AE400C38628 /* AppDelegate.m */ = {isa = PBXFileReference; lastKnownFileType = sourcecode.c.objc; path = AppDelegate.m; sourceTree = "<group>"; };
		01A1BCFC1A287AE400C38628 /* main.m */ = {isa = PBXFileReference; lastKnownFileType = sourcecode.c.objc; path = main.m; sourceTree = "<group>"; };
		01A1BCFE1A287AE400C38628 /* Images.xcassets */ = {isa = PBXFileReference; lastKnownFileType = folder.assetcatalog; path = Images.xcassets; sourceTree = "<group>"; };
		01A1BD071A287AE400C38628 /* WritLargeTests.xctest */ = {isa = PBXFileReference; explicitFileType = wrapper.cfbundle; includeInIndex = 0; path = WritLargeTests.xctest; sourceTree = BUILT_PRODUCTS_DIR; };
		01A1BD0C1A287AE400C38628 /* Info.plist */ = {isa = PBXFileReference; lastKnownFileType = text.plist.xml; path = Info.plist; sourceTree = "<group>"; };
		01A1BD0D1A287AE400C38628 /* WritLargeTests.m */ = {isa = PBXFileReference; lastKnownFileType = sourcecode.c.objc; path = WritLargeTests.m; sourceTree = "<group>"; };
		01A1BD171A287AFA00C38628 /* WritLarge.entitlements */ = {isa = PBXFileReference; lastKnownFileType = text.xml; path = WritLarge.entitlements; sourceTree = "<group>"; };
		01A1BD181A287D9E00C38628 /* LargeTextWindow.h */ = {isa = PBXFileReference; fileEncoding = 4; lastKnownFileType = sourcecode.c.h; path = LargeTextWindow.h; sourceTree = "<group>"; };
		01A1BD191A287D9E00C38628 /* LargeTextWindow.m */ = {isa = PBXFileReference; fileEncoding = 4; lastKnownFileType = sourcecode.c.objc; path = LargeTextWindow.m; sourceTree = "<group>"; };
		01A1BD211A287EE500C38628 /* LargeTextView.h */ = {isa = PBXFileReference; fileEncoding = 4; lastKnownFileType = sourcecode.c.h; path = LargeTextView.h; sourceTree = "<group>"; };
		01A1BD221A287EE500C38628 /* LargeTextView.m */ = {isa = PBXFileReference; fileEncoding = 4; lastKnownFileType = sourcecode.c.objc; path = LargeTextView.m; sourceTree = "<group>"; };
/* End PBXFileReference section */

/* Begin PBXFrameworksBuildPhase section */
		01A1BCF11A287AE400C38628 /* Frameworks */ = {
			isa = PBXFrameworksBuildPhase;
			buildActionMask = 2147483647;
			files = (
			);
			runOnlyForDeploymentPostprocessing = 0;
		};
		01A1BD041A287AE400C38628 /* Frameworks */ = {
			isa = PBXFrameworksBuildPhase;
			buildActionMask = 2147483647;
			files = (
			);
			runOnlyForDeploymentPostprocessing = 0;
		};
/* End PBXFrameworksBuildPhase section */

/* Begin PBXGroup section */
		01A1BCEB1A287AE400C38628 = {
			isa = PBXGroup;
			children = (
				01A1BCF61A287AE400C38628 /* WritLarge */,
				01A1BD0A1A287AE400C38628 /* WritLargeTests */,
				01A1BCF51A287AE400C38628 /* Products */,
			);
			sourceTree = "<group>";
		};
		01A1BCF51A287AE400C38628 /* Products */ = {
			isa = PBXGroup;
			children = (
				01A1BCF41A287AE400C38628 /* WritLarge.app */,
				01A1BD071A287AE400C38628 /* WritLargeTests.xctest */,
			);
			name = Products;
			sourceTree = "<group>";
		};
		01A1BCF61A287AE400C38628 /* WritLarge */ = {
			isa = PBXGroup;
			children = (
				01A1BD171A287AFA00C38628 /* WritLarge.entitlements */,
				01A1BCF91A287AE400C38628 /* AppDelegate.h */,
				01A1BCFA1A287AE400C38628 /* AppDelegate.m */,
				01A1BCFE1A287AE400C38628 /* Images.xcassets */,
				01A1BD001A287AE400C38628 /* MainMenu.xib */,
				01A1BCF71A287AE400C38628 /* Supporting Files */,
				01A1BD181A287D9E00C38628 /* LargeTextWindow.h */,
				01A1BD191A287D9E00C38628 /* LargeTextWindow.m */,
				01A1BD211A287EE500C38628 /* LargeTextView.h */,
				01A1BD221A287EE500C38628 /* LargeTextView.m */,
			);
			path = WritLarge;
			sourceTree = "<group>";
		};
		01A1BCF71A287AE400C38628 /* Supporting Files */ = {
			isa = PBXGroup;
			children = (
				01A1BCF81A287AE400C38628 /* Info.plist */,
				01A1BCFC1A287AE400C38628 /* main.m */,
			);
			name = "Supporting Files";
			sourceTree = "<group>";
		};
		01A1BD0A1A287AE400C38628 /* WritLargeTests */ = {
			isa = PBXGroup;
			children = (
				01A1BD0D1A287AE400C38628 /* WritLargeTests.m */,
				01A1BD0B1A287AE400C38628 /* Supporting Files */,
			);
			path = WritLargeTests;
			sourceTree = "<group>";
		};
		01A1BD0B1A287AE400C38628 /* Supporting Files */ = {
			isa = PBXGroup;
			children = (
				01A1BD0C1A287AE400C38628 /* Info.plist */,
			);
			name = "Supporting Files";
			sourceTree = "<group>";
		};
/* End PBXGroup section */

/* Begin PBXNativeTarget section */
		01A1BCF31A287AE400C38628 /* WritLarge */ = {
			isa = PBXNativeTarget;
			buildConfigurationList = 01A1BD111A287AE400C38628 /* Build configuration list for PBXNativeTarget "WritLarge" */;
			buildPhases = (
				01A1BCF01A287AE400C38628 /* Sources */,
				01A1BCF11A287AE400C38628 /* Frameworks */,
				01A1BCF21A287AE400C38628 /* Resources */,
			);
			buildRules = (
			);
			dependencies = (
			);
			name = WritLarge;
			productName = WritLarge;
			productReference = 01A1BCF41A287AE400C38628 /* WritLarge.app */;
			productType = "com.apple.product-type.application";
		};
		01A1BD061A287AE400C38628 /* WritLargeTests */ = {
			isa = PBXNativeTarget;
			buildConfigurationList = 01A1BD141A287AE400C38628 /* Build configuration list for PBXNativeTarget "WritLargeTests" */;
			buildPhases = (
				01A1BD031A287AE400C38628 /* Sources */,
				01A1BD041A287AE400C38628 /* Frameworks */,
				01A1BD051A287AE400C38628 /* Resources */,
			);
			buildRules = (
			);
			dependencies = (
				01A1BD091A287AE400C38628 /* PBXTargetDependency */,
			);
			name = WritLargeTests;
			productName = WritLargeTests;
			productReference = 01A1BD071A287AE400C38628 /* WritLargeTests.xctest */;
			productType = "com.apple.product-type.bundle.unit-test";
		};
/* End PBXNativeTarget section */

/* Begin PBXProject section */
		01A1BCEC1A287AE400C38628 /* Project object */ = {
			isa = PBXProject;
			attributes = {
				LastUpgradeCheck = 0610;
				ORGANIZATIONNAME = "Pilotmoon Software";
				TargetAttributes = {
					01A1BCF31A287AE400C38628 = {
						CreatedOnToolsVersion = 6.1;
						DevelopmentTeam = 6W6K75YWQ9;
						SystemCapabilities = {
							com.apple.Sandbox = {
								enabled = 1;
							};
						};
					};
					01A1BD061A287AE400C38628 = {
						CreatedOnToolsVersion = 6.1;
						TestTargetID = 01A1BCF31A287AE400C38628;
					};
				};
			};
			buildConfigurationList = 01A1BCEF1A287AE400C38628 /* Build configuration list for PBXProject "WritLarge" */;
			compatibilityVersion = "Xcode 3.2";
			developmentRegion = English;
			hasScannedForEncodings = 0;
			knownRegions = (
				en,
			);
			mainGroup = 01A1BCEB1A287AE400C38628;
			productRefGroup = 01A1BCF51A287AE400C38628 /* Products */;
			projectDirPath = "";
			projectRoot = "";
			targets = (
				01A1BCF31A287AE400C38628 /* WritLarge */,
				01A1BD061A287AE400C38628 /* WritLargeTests */,
			);
		};
/* End PBXProject section */

/* Begin PBXResourcesBuildPhase section */
		01A1BCF21A287AE400C38628 /* Resources */ = {
			isa = PBXResourcesBuildPhase;
			buildActionMask = 2147483647;
			files = (
				01A1BCFF1A287AE400C38628 /* Images.xcassets in Resources */,
				01A1BD021A287AE400C38628 /* MainMenu.xib in Resources */,
			);
			runOnlyForDeploymentPostprocessing = 0;
		};
		01A1BD051A287AE400C38628 /* Resources */ = {
			isa = PBXResourcesBuildPhase;
			buildActionMask = 2147483647;
			files = (
			);
			runOnlyForDeploymentPostprocessing = 0;
		};
/* End PBXResourcesBuildPhase section */

/* Begin PBXSourcesBuildPhase section */
		01A1BCF01A287AE400C38628 /* Sources */ = {
			isa = PBXSourcesBuildPhase;
			buildActionMask = 2147483647;
			files = (
				01A1BD1A1A287D9E00C38628 /* LargeTextWindow.m in Sources */,
				01A1BD231A287EE500C38628 /* LargeTextView.m in Sources */,
				01A1BCFD1A287AE400C38628 /* main.m in Sources */,
				01A1BCFB1A287AE400C38628 /* AppDelegate.m in Sources */,
			);
			runOnlyForDeploymentPostprocessing = 0;
		};
		01A1BD031A287AE400C38628 /* Sources */ = {
			isa = PBXSourcesBuildPhase;
			buildActionMask = 2147483647;
			files = (
				01A1BD0E1A287AE400C38628 /* WritLargeTests.m in Sources */,
			);
			runOnlyForDeploymentPostprocessing = 0;
		};
/* End PBXSourcesBuildPhase section */

/* Begin PBXTargetDependency section */
		01A1BD091A287AE400C38628 /* PBXTargetDependency */ = {
			isa = PBXTargetDependency;
			target = 01A1BCF31A287AE400C38628 /* WritLarge */;
			targetProxy = 01A1BD081A287AE400C38628 /* PBXContainerItemProxy */;
		};
/* End PBXTargetDependency section */

/* Begin PBXVariantGroup section */
		01A1BD001A287AE400C38628 /* MainMenu.xib */ = {
			isa = PBXVariantGroup;
			children = (
				0181EF4B1A2CC7FC0022C85A /* en */,
			);
			name = MainMenu.xib;
			sourceTree = "<group>";
		};
/* End PBXVariantGroup section */

/* Begin XCBuildConfiguration section */
		01A1BD0F1A287AE400C38628 /* Debug */ = {
			isa = XCBuildConfiguration;
			buildSettings = {
				ALWAYS_SEARCH_USER_PATHS = NO;
				CLANG_CXX_LANGUAGE_STANDARD = "gnu++0x";
				CLANG_CXX_LIBRARY = "libc++";
				CLANG_ENABLE_MODULES = YES;
				CLANG_ENABLE_OBJC_ARC = YES;
				CLANG_WARN_BOOL_CONVERSION = YES;
				CLANG_WARN_CONSTANT_CONVERSION = YES;
				CLANG_WARN_DIRECT_OBJC_ISA_USAGE = YES_ERROR;
				CLANG_WARN_EMPTY_BODY = YES;
				CLANG_WARN_ENUM_CONVERSION = YES;
				CLANG_WARN_INT_CONVERSION = YES;
				CLANG_WARN_OBJC_ROOT_CLASS = YES_ERROR;
				CLANG_WARN_UNREACHABLE_CODE = YES;
				CLANG_WARN__DUPLICATE_METHOD_MATCH = YES;
				CODE_SIGN_IDENTITY = "-";
				COPY_PHASE_STRIP = NO;
				ENABLE_STRICT_OBJC_MSGSEND = YES;
				GCC_C_LANGUAGE_STANDARD = gnu99;
				GCC_DYNAMIC_NO_PIC = NO;
				GCC_OPTIMIZATION_LEVEL = 0;
				GCC_PREPROCESSOR_DEFINITIONS = (
					"DEBUG=1",
					"$(inherited)",
				);
				GCC_SYMBOLS_PRIVATE_EXTERN = NO;
				GCC_WARN_64_TO_32_BIT_CONVERSION = YES;
				GCC_WARN_ABOUT_RETURN_TYPE = YES_ERROR;
				GCC_WARN_UNDECLARED_SELECTOR = YES;
				GCC_WARN_UNINITIALIZED_AUTOS = YES_AGGRESSIVE;
				GCC_WARN_UNUSED_FUNCTION = YES;
				GCC_WARN_UNUSED_VARIABLE = YES;
				MACOSX_DEPLOYMENT_TARGET = 10.6;
				MTL_ENABLE_DEBUG_INFO = YES;
				ONLY_ACTIVE_ARCH = YES;
				SDKROOT = macosx;
			};
			name = Debug;
		};
		01A1BD101A287AE400C38628 /* Release */ = {
			isa = XCBuildConfiguration;
			buildSettings = {
				ALWAYS_SEARCH_USER_PATHS = NO;
				CLANG_CXX_LANGUAGE_STANDARD = "gnu++0x";
				CLANG_CXX_LIBRARY = "libc++";
				CLANG_ENABLE_MODULES = YES;
				CLANG_ENABLE_OBJC_ARC = YES;
				CLANG_WARN_BOOL_CONVERSION = YES;
				CLANG_WARN_CONSTANT_CONVERSION = YES;
				CLANG_WARN_DIRECT_OBJC_ISA_USAGE = YES_ERROR;
				CLANG_WARN_EMPTY_BODY = YES;
				CLANG_WARN_ENUM_CONVERSION = YES;
				CLANG_WARN_INT_CONVERSION = YES;
				CLANG_WARN_OBJC_ROOT_CLASS = YES_ERROR;
				CLANG_WARN_UNREACHABLE_CODE = YES;
				CLANG_WARN__DUPLICATE_METHOD_MATCH = YES;
				CODE_SIGN_IDENTITY = "-";
				COPY_PHASE_STRIP = YES;
				DEBUG_INFORMATION_FORMAT = "dwarf-with-dsym";
				ENABLE_NS_ASSERTIONS = NO;
				ENABLE_STRICT_OBJC_MSGSEND = YES;
				GCC_C_LANGUAGE_STANDARD = gnu99;
				GCC_WARN_64_TO_32_BIT_CONVERSION = YES;
				GCC_WARN_ABOUT_RETURN_TYPE = YES_ERROR;
				GCC_WARN_UNDECLARED_SELECTOR = YES;
				GCC_WARN_UNINITIALIZED_AUTOS = YES_AGGRESSIVE;
				GCC_WARN_UNUSED_FUNCTION = YES;
				GCC_WARN_UNUSED_VARIABLE = YES;
				MACOSX_DEPLOYMENT_TARGET = 10.6;
				MTL_ENABLE_DEBUG_INFO = NO;
				SDKROOT = macosx;
			};
			name = Release;
		};
		01A1BD121A287AE400C38628 /* Debug */ = {
			isa = XCBuildConfiguration;
			buildSettings = {
				ASSETCATALOG_COMPILER_APPICON_NAME = AppIcon;
				CODE_SIGN_ENTITLEMENTS = WritLarge/WritLarge.entitlements;
				CODE_SIGN_IDENTITY = "Developer ID Application";
				COMBINE_HIDPI_IMAGES = YES;
				INFOPLIST_FILE = WritLarge/Info.plist;
				LD_RUNPATH_SEARCH_PATHS = "$(inherited) @executable_path/../Frameworks";
				PRODUCT_NAME = "$(TARGET_NAME)";
			};
			name = Debug;
		};
		01A1BD131A287AE400C38628 /* Release */ = {
			isa = XCBuildConfiguration;
			buildSettings = {
				ASSETCATALOG_COMPILER_APPICON_NAME = AppIcon;
				CODE_SIGN_ENTITLEMENTS = WritLarge/WritLarge.entitlements;
				CODE_SIGN_IDENTITY = "Developer ID Application";
				COMBINE_HIDPI_IMAGES = YES;
				INFOPLIST_FILE = WritLarge/Info.plist;
				LD_RUNPATH_SEARCH_PATHS = "$(inherited) @executable_path/../Frameworks";
				PRODUCT_NAME = "$(TARGET_NAME)";
			};
			name = Release;
		};
		01A1BD151A287AE400C38628 /* Debug */ = {
			isa = XCBuildConfiguration;
			buildSettings = {
				BUNDLE_LOADER = "$(TEST_HOST)";
				COMBINE_HIDPI_IMAGES = YES;
				FRAMEWORK_SEARCH_PATHS = (
					"$(DEVELOPER_FRAMEWORKS_DIR)",
					"$(inherited)",
				);
				GCC_PREPROCESSOR_DEFINITIONS = (
					"DEBUG=1",
					"$(inherited)",
				);
				INFOPLIST_FILE = WritLargeTests/Info.plist;
				LD_RUNPATH_SEARCH_PATHS = "$(inherited) @executable_path/../Frameworks @loader_path/../Frameworks";
				PRODUCT_NAME = "$(TARGET_NAME)";
				TEST_HOST = "$(BUILT_PRODUCTS_DIR)/WritLarge.app/Contents/MacOS/WritLarge";
			};
			name = Debug;
		};
		01A1BD161A287AE400C38628 /* Release */ = {
			isa = XCBuildConfiguration;
			buildSettings = {
				BUNDLE_LOADER = "$(TEST_HOST)";
				COMBINE_HIDPI_IMAGES = YES;
				FRAMEWORK_SEARCH_PATHS = (
					"$(DEVELOPER_FRAMEWORKS_DIR)",
					"$(inherited)",
				);
				INFOPLIST_FILE = WritLargeTests/Info.plist;
				LD_RUNPATH_SEARCH_PATHS = "$(inherited) @executable_path/../Frameworks @loader_path/../Frameworks";
				PRODUCT_NAME = "$(TARGET_NAME)";
				TEST_HOST = "$(BUILT_PRODUCTS_DIR)/WritLarge.app/Contents/MacOS/WritLarge";
			};
			name = Release;
		};
/* End XCBuildConfiguration section */

/* Begin XCConfigurationList section */
		01A1BCEF1A287AE400C38628 /* Build configuration list for PBXProject "WritLarge" */ = {
			isa = XCConfigurationList;
			buildConfigurations = (
				01A1BD0F1A287AE400C38628 /* Debug */,
				01A1BD101A287AE400C38628 /* Release */,
			);
			defaultConfigurationIsVisible = 0;
			defaultConfigurationName = Release;
		};
		01A1BD111A287AE400C38628 /* Build configuration list for PBXNativeTarget "WritLarge" */ = {
			isa = XCConfigurationList;
			buildConfigurations = (
				01A1BD121A287AE400C38628 /* Debug */,
				01A1BD131A287AE400C38628 /* Release */,
			);
			defaultConfigurationIsVisible = 0;
			defaultConfigurationName = Release;
		};
		01A1BD141A287AE400C38628 /* Build configuration list for PBXNativeTarget "WritLargeTests" */ = {
			isa = XCConfigurationList;
			buildConfigurations = (
				01A1BD151A287AE400C38628 /* Debug */,
				01A1BD161A287AE400C38628 /* Release */,
			);
			defaultConfigurationIsVisible = 0;
			defaultConfigurationName = Release;
		};
/* End XCConfigurationList section */
	};
	rootObject = 01A1BCEC1A287AE400C38628 /* Project object */;
}
